
Microsoft Visual Studio Solution File, Format Version 12.00
# Visual Studio Version 17
VisualStudioVersion = 17.2.32505.173
MinimumVisualStudioVersion = 10.0.40219.1
Project("{9A19103F-16F7-4668-BE54-9A1E7A4F7556}") = "VendingMachine.App", "VendingMachine.App\VendingMachine.App.csproj", "{AA1D4EFA-F437-4995-B13A-52A129D7A408}"
EndProject
Project("{9A19103F-16F7-4668-BE54-9A1E7A4F7556}") = "VendingMachine.DataLayer", "VendingMachine.DataLayer\VendingMachine.DataLayer.csproj", "{5A954113-87DB-4808-9971-02577D735E89}"
EndProject
Project("{9A19103F-16F7-4668-BE54-9A1E7A4F7556}") = "VendingMachine.Domain", "VendingMachine.Domain\VendingMachine.Domain.csproj", "{1B5BCBEC-8E51-4180-BC20-8271610C1BAC}"
EndProject
Project("{9A19103F-16F7-4668-BE54-9A1E7A4F7556}") = "VendingMachine.Tests", "VendingMachine.Tests\VendingMachine.Tests.csproj", "{20341990-CFBC-4024-99BC-83A211721CC7}"
EndProject
Project("{FAE04EC0-301F-11D3-BF4B-00C04F79EFBC}") = "WizardProgressBarLibrary", "WizardProgressBarLibrary\WizardProgressBarLibrary.csproj", "{C1633BDB-6A45-4ED1-BB3D-3B7E58E55FBB}"
EndProject
Global
	GlobalSection(SolutionConfigurationPlatforms) = preSolution
		Debug|Any CPU = Debug|Any CPU
		Debug|x64 = Debug|x64
		Release|Any CPU = Release|Any CPU
		Release|x64 = Release|x64
	EndGlobalSection
	GlobalSection(ProjectConfigurationPlatforms) = postSolution
		{AA1D4EFA-F437-4995-B13A-52A129D7A408}.Debug|Any CPU.ActiveCfg = Debug|Any CPU
		{AA1D4EFA-F437-4995-B13A-52A129D7A408}.Debug|Any CPU.Build.0 = Debug|Any CPU
		{AA1D4EFA-F437-4995-B13A-52A129D7A408}.Debug|x64.ActiveCfg = Debug|Any CPU
		{AA1D4EFA-F437-4995-B13A-52A129D7A408}.Debug|x64.Build.0 = Debug|Any CPU
		{AA1D4EFA-F437-4995-B13A-52A129D7A408}.Release|Any CPU.ActiveCfg = Release|Any CPU
		{AA1D4EFA-F437-4995-B13A-52A129D7A408}.Release|Any CPU.Build.0 = Release|Any CPU
		{AA1D4EFA-F437-4995-B13A-52A129D7A408}.Release|x64.ActiveCfg = Release|Any CPU
		{AA1D4EFA-F437-4995-B13A-52A129D7A408}.Release|x64.Build.0 = Release|Any CPU
		{5A954113-87DB-4808-9971-02577D735E89}.Debug|Any CPU.ActiveCfg = Debug|Any CPU
		{5A954113-87DB-4808-9971-02577D735E89}.Debug|Any CPU.Build.0 = Debug|Any CPU
		{5A954113-87DB-4808-9971-02577D735E89}.Debug|x64.ActiveCfg = Debug|Any CPU
		{5A954113-87DB-4808-9971-02577D735E89}.Debug|x64.Build.0 = Debug|Any CPU
		{5A954113-87DB-4808-9971-02577D735E89}.Release|Any CPU.ActiveCfg = Release|Any CPU
		{5A954113-87DB-4808-9971-02577D735E89}.Release|Any CPU.Build.0 = Release|Any CPU
		{5A954113-87DB-4808-9971-02577D735E89}.Release|x64.ActiveCfg = Release|Any CPU
		{5A954113-87DB-4808-9971-02577D735E89}.Release|x64.Build.0 = Release|Any CPU
		{1B5BCBEC-8E51-4180-BC20-8271610C1BAC}.Debug|Any CPU.ActiveCfg = Debug|Any CPU
		{1B5BCBEC-8E51-4180-BC20-8271610C1BAC}.Debug|Any CPU.Build.0 = Debug|Any CPU
		{1B5BCBEC-8E51-4180-BC20-8271610C1BAC}.Debug|x64.ActiveCfg = Debug|Any CPU
		{1B5BCBEC-8E51-4180-BC20-8271610C1BAC}.Debug|x64.Build.0 = Debug|Any CPU
		{1B5BCBEC-8E51-4180-BC20-8271610C1BAC}.Release|Any CPU.ActiveCfg = Release|Any CPU
		{1B5BCBEC-8E51-4180-BC20-8271610C1BAC}.Release|Any CPU.Build.0 = Release|Any CPU
		{1B5BCBEC-8E51-4180-BC20-8271610C1BAC}.Release|x64.ActiveCfg = Release|Any CPU
		{1B5BCBEC-8E51-4180-BC20-8271610C1BAC}.Release|x64.Build.0 = Release|Any CPU
		{20341990-CFBC-4024-99BC-83A211721CC7}.Debug|Any CPU.ActiveCfg = Debug|Any CPU
		{20341990-CFBC-4024-99BC-83A211721CC7}.Debug|Any CPU.Build.0 = Debug|Any CPU
		{20341990-CFBC-4024-99BC-83A211721CC7}.Debug|x64.ActiveCfg = Debug|x64
		{20341990-CFBC-4024-99BC-83A211721CC7}.Debug|x64.Build.0 = Debug|x64
		{20341990-CFBC-4024-99BC-83A211721CC7}.Release|Any CPU.ActiveCfg = Release|Any CPU
		{20341990-CFBC-4024-99BC-83A211721CC7}.Release|Any CPU.Build.0 = Release|Any CPU
		{20341990-CFBC-4024-99BC-83A211721CC7}.Release|x64.ActiveCfg = Release|x64
		{20341990-CFBC-4024-99BC-83A211721CC7}.Release|x64.Build.0 = Release|x64
		{C1633BDB-6A45-4ED1-BB3D-3B7E58E55FBB}.Debug|Any CPU.ActiveCfg = Debug|Any CPU
		{C1633BDB-6A45-4ED1-BB3D-3B7E58E55FBB}.Debug|Any CPU.Build.0 = Debug|Any CPU
		{C1633BDB-6A45-4ED1-BB3D-3B7E58E55FBB}.Debug|x64.ActiveCfg = Debug|Any CPU
		{C1633BDB-6A45-4ED1-BB3D-3B7E58E55FBB}.Debug|x64.Build.0 = Debug|Any CPU
		{C1633BDB-6A45-4ED1-BB3D-3B7E58E55FBB}.Release|Any CPU.ActiveCfg = Release|Any CPU
		{C1633BDB-6A45-4ED1-BB3D-3B7E58E55FBB}.Release|Any CPU.Build.0 = Release|Any CPU
		{C1633BDB-6A45-4ED1-BB3D-3B7E58E55FBB}.Release|x64.ActiveCfg = Release|Any CPU
		{C1633BDB-6A45-4ED1-BB3D-3B7E58E55FBB}.Release|x64.Build.0 = Release|Any CPU
	EndGlobalSection
	GlobalSection(SolutionProperties) = preSolution
		HideSolutionNode = FALSE
	EndGlobalSection
	GlobalSection(ExtensibilityGlobals) = postSolution
		SolutionGuid = {C9E6EEE9-D40D-46FD-B14B-2EF1232B67FC}
	EndGlobalSection
EndGlobal
